Microsoft Visual Studio Solution File, Format Version 12.00
# Visual Studio Version 17
VisualStudioVersion = 17.5.2.0
MinimumVisualStudioVersion = 10.0.40219.1
Project("{FAE04EC0-301F-11D3-BF4B-00C04F79EFBC}") = "LuxuryHub.API", "LuxuryHub.API\LuxuryHub.API.csproj", "{44C32133-0722-D498-0EBA-25A2A6452F8A}"
EndProject
Global
	GlobalSection(SolutionConfigurationPlatforms) = preSolution
		Debug|Any CPU = Debug|Any CPU
		Release|Any CPU = Release|Any CPU
	EndGlobalSection
	GlobalSection(ProjectConfigurationPlatforms) = postSolution
		{44C32133-0722-D498-0EBA-25A2A6452F8A}.Debug|Any CPU.ActiveCfg = Debug|Any CPU
		{44C32133-0722-D498-0EBA-25A2A6452F8A}.Debug|Any CPU.Build.0 = Debug|Any CPU
		{44C32133-0722-D498-0EBA-25A2A6452F8A}.Release|Any CPU.ActiveCfg = Release|Any CPU
		{44C32133-0722-D498-0EBA-25A2A6452F8A}.Release|Any CPU.Build.0 = Release|Any CPU
	EndGlobalSection
	GlobalSection(SolutionProperties) = preSolution
		HideSolutionNode = FALSE
	EndGlobalSection
	GlobalSection(ExtensibilityGlobals) = postSolution
		SolutionGuid = {3F300994-1031-4B7F-A3B1-E8ED2169C824}
	EndGlobalSection
EndGlobal
